{
  "name": "weihuai",
  "version": "1.0.0",
  "lockfileVersion": 2,
  "requires": true,
  "packages": {
    "": {
      "name": "weihuai",
      "version": "1.0.0",
      "license": "ISC",
      "dependencies": {
        "@vant/weapp": "^1.10.8",
        "weui-miniprogram": "^1.2.4"
      }
    },
    "node_modules/@vant/weapp": {
      "version": "1.10.8",
      "resolved": "https://registry.npmmirror.com/@vant/weapp/-/weapp-1.10.8.tgz",
      "integrity": "sha512-/6w9U5UclF50ORqM2C9vo+oB5+PCOuLGpNI3cxYL1z0xWqPYratitLRhQx53Qo6k1I45Ri8DYGCb7C0qSKB/xg=="
    },
    "node_modules/weui-miniprogram": {
      "version": "1.2.4",
      "resolved": "https://registry.npmmirror.com/weui-miniprogram/-/weui-miniprogram-1.2.4.tgz",
      "integrity": "sha512-AB/gGPgTJJ0vHxQQNfAwxK4JPjwV+BNGgKSxD7qyI2tLgAfZFqFyx7fPJkfOBYTYJdg38ZPA78YHIgYTyWuGEA=="
    }
  },
  "dependencies": {
    "@vant/weapp": {
      "version": "1.10.8",
      "resolved": "https://registry.npmmirror.com/@vant/weapp/-/weapp-1.10.8.tgz",
      "integrity": "sha512-/6w9U5UclF50ORqM2C9vo+oB5+PCOuLGpNI3cxYL1z0xWqPYratitLRhQx53Qo6k1I45Ri8DYGCb7C0qSKB/xg=="
    },
    "weui-miniprogram": {
      "version": "1.2.4",
      "resolved": "https://registry.npmmirror.com/weui-miniprogram/-/weui-miniprogram-1.2.4.tgz",
      "integrity": "sha512-AB/gGPgTJJ0vHxQQNfAwxK4JPjwV+BNGgKSxD7qyI2tLgAfZFqFyx7fPJkfOBYTYJdg38ZPA78YHIgYTyWuGEA=="
    }
  }
}
